github.com/BurntSushi/toml v1.3.2 h1:o7IhLm0Msx3BaB+n3Ag7L8EVlByGnpq14C4YWiu/gL8=
github.com/BurntSushi/toml v1.3.2/go.mod h1:CxXYINrC8qIiEnFrOxCa7Jy5BFHlXnUU2pbicEuybxQ=
golang.org/x/mod v0.17.0 h1:zY54UmvipHiNd+pm+m0x9KhZ9hl1/7QNMyxXbc6ICqA=
golang.org/x/mod v0.17.0/go.mod h1:hTbmBsO62+eylJbnUtE2MGJUyE7QWk4xUqPFrRgJ+7c=
golang.org/x/sync v0.7.0 h1:YsImfSBoP9QPYL0xyKJPq0gcaJdG3rInoqxTWbfQu9M=
golang.org/x/sync v0.7.0/go.mod h1:Czt+wKu1gCyEFDUtn0jG5QVvpJ6rzVqr5aXyt9drQfk=
golang.org/x/sys v0.0.0-20210615035016-665e8c7367d1/go.mod h1:oPkhp1MJrh7nUepCBck5+mAzfO9JrbApNNgaTdGDITg=
golang.org/x/sys v0.20.0 h1:Od9JTbYCk261bKm4M/mw7AklTlFYIa0bIp9BgSm1S8Y=
golang.org/x/sys v0.20.0/go.mod h1:/VUhepiaJMQUp4+oa/7Zr1D23ma6VTLIYjOOTFZPUcA=
golang.org/x/term v0.0.0-20220411215600-e5f449aeb171 h1:EH1Deb8WZJ0xc0WK//leUHXcX9aLE5SymusoTmMZye8=
golang.org/x/term v0.0.0-20220411215600-e5f449aeb171/go.mod h1:jbD1KX2456YbFQfuXm/mYQcufACuNUgVhRMnK/tPxf8=
golang.org/x/text v0.15.0 h1:h1V/4gjBv8v9cjcR6+AR5+/cIYK5N/WAgiv4xlsEtAk=
golang.org/x/text v0.15.0/go.mod h1:18ZOQIKpY8NJVqYksKHtTdi31H5itFRjB5/qKTNYzSU=
golang.org/x/tools v0.21.0 h1:qc0xYgIbsSDt9EyWz05J5wfa7LOVW0YTLOXrqdLAWIw=
golang.org/x/tools v0.21.0/go.mod h1:aiJjzUbINMkxbQROHiO6hDPo2LHcIPhhQsa9DLh0yGk=
zgo.at/errors v1.2.0 h1:KkCvBeE9wE33W0WsDZMjWJJUmv5w92duyJFKDVPoMr8=
zgo.at/errors v1.2.0/go.mod h1:POfgvh1LafF2NZJk6buGYCIhcHWuR/miB3nndyf3ozs=
zgo.at/zli v0.0.0-20221012220610-d6a5a841b943 h1:PeTHjJK0YmNdkwfglLXufJWEwjy2rGujj5DRWtDw0u8=
zgo.at/zli v0.0.0-20221012220610-d6a5a841b943/go.mod h1:6nYv5thziHp9CMVzGbQV4qeA9hMJSj7uJ8WLgD4BtVs=
zgo.at/zstd v0.0.0-20240521013615-10baa641d7d0 h1:s4v5EAzMGV4ly1t240XidEY1Cq0OuyZSZL57Kbz/Big=
zgo.at/zstd v0.0.0-20240521013615-10baa641d7d0/go.mod h1:o/Q8+EtSahHnfkbB3t8wXE0FnoDTmJ0sBDlzezv9XeM=
zgo.at/ztpl v0.0.0-20240522225602-574aca1079e7 h1:opHnftGXVqUubaE2RRZ2InOoeMFRhdOH6PiTDBqqvNs=
zgo.at/ztpl v0.0.0-20240522225602-574aca1079e7/go.mod h1:p1QiGvNPY5YJ3DAXzZtgAga+SG+19Ycr+TLzvGo2xZo=
